// !$*UTF8*$!
{
	archiveVersion = 1;
	classes = {
	};
	objectVersion = 46;
	objects = {

/* Begin PBXBuildFile section */
		1D1D6D5116C24B390093E239 /* UIKit.framework in Frameworks */ = {isa = PBXBuildFile; fileRef = 1D1D6D5016C24B390093E239 /* UIKit.framework */; };
		1D1D6D5316C24B390093E239 /* Foundation.framework in Frameworks */ = {isa = PBXBuildFile; fileRef = 1D1D6D5216C24B390093E239 /* Foundation.framework */; };
		1D1D6D5516C24B390093E239 /* CoreGraphics.framework in Frameworks */ = {isa = PBXBuildFile; fileRef = 1D1D6D5416C24B390093E239 /* CoreGraphics.framework */; };
		1D1D6D5B16C24B390093E239 /* InfoPlist.strings in Resources */ = {isa = PBXBuildFile; fileRef = 1D1D6D5916C24B390093E239 /* InfoPlist.strings */; };
		1D1D6D5D16C24B390093E239 /* main.m in Sources */ = {isa = PBXBuildFile; fileRef = 1D1D6D5C16C24B390093E239 /* main.m */; };
		1D1D6D6116C24B390093E239 /* PAppDelegate.m in Sources */ = {isa = PBXBuildFile; fileRef = 1D1D6D6016C24B390093E239 /* PAppDelegate.m */; };
		1D1D6D6A16C24B390093E239 /* MainStoryboard.storyboard in Resources */ = {isa = PBXBuildFile; fileRef = 1D1D6D6816C24B390093E239 /* MainStoryboard.storyboard */; };
		1D1D6D8116C24BC60093E239 /* Default-568h@2x.png in Resources */ = {isa = PBXBuildFile; fileRef = 1D1D6D7416C24BC60093E239 /* Default-568h@2x.png */; };
		1D1D6D8216C24BC60093E239 /* Default.png in Resources */ = {isa = PBXBuildFile; fileRef = 1D1D6D7516C24BC60093E239 /* Default.png */; };
		1D1D6D8316C24BC60093E239 /* Default@2x.png in Resources */ = {isa = PBXBuildFile; fileRef = 1D1D6D7616C24BC60093E239 /* Default@2x.png */; };
		1D1D6D8416C24BC60093E239 /* Icon-72.png in Resources */ = {isa = PBXBuildFile; fileRef = 1D1D6D7716C24BC60093E239 /* Icon-72.png */; };
		1D1D6D8516C24BC60093E239 /* Icon-72@2x.png in Resources */ = {isa = PBXBuildFile; fileRef = 1D1D6D7816C24BC60093E239 /* Icon-72@2x.png */; };
		1D1D6D8616C24BC60093E239 /* Icon-Small-50.png in Resources */ = {isa = PBXBuildFile; fileRef = 1D1D6D7916C24BC60093E239 /* Icon-Small-50.png */; };
		1D1D6D8716C24BC60093E239 /* Icon-Small-50@2x.png in Resources */ = {isa = PBXBuildFile; fileRef = 1D1D6D7A16C24BC60093E239 /* Icon-Small-50@2x.png */; };
		1D1D6D8816C24BC60093E239 /* Icon-Small.png in Resources */ = {isa = PBXBuildFile; fileRef = 1D1D6D7B16C24BC60093E239 /* Icon-Small.png */; };
		1D1D6D8916C24BC60093E239 /* Icon-Small@2x.png in Resources */ = {isa = PBXBuildFile; fileRef = 1D1D6D7C16C24BC60093E239 /* Icon-Small@2x.png */; };
		1D1D6D8A16C24BC60093E239 /* Icon.png in Resources */ = {isa = PBXBuildFile; fileRef = 1D1D6D7D16C24BC60093E239 /* Icon.png */; };
		1D1D6D8B16C24BC60093E239 /* Icon@2x.png in Resources */ = {isa = PBXBuildFile; fileRef = 1D1D6D7E16C24BC60093E239 /* Icon@2x.png */; };
		1D1D6D8C16C24BC60093E239 /* iTunesArtwork in Resources */ = {isa = PBXBuildFile; fileRef = 1D1D6D7F16C24BC60093E239 /* iTunesArtwork */; };
		1D1D6D8D16C24BC60093E239 /* iTunesArtwork@2x.png in Resources */ = {isa = PBXBuildFile; fileRef = 1D1D6D8016C24BC60093E239 /* iTunesArtwork@2x.png */; };
		1D2697DA16C24E580092EC2D /* PInitialViewController.m in Sources */ = {isa = PBXBuildFile; fileRef = 1D2697D916C24E580092EC2D /* PInitialViewController.m */; };
		1D2697DE16C2506D0092EC2D /* README in Resources */ = {isa = PBXBuildFile; fileRef = 1D2697DD16C2506D0092EC2D /* README */; };
		1D2697E116C251840092EC2D /* UIDevice+Resolutions.m in Sources */ = {isa = PBXBuildFile; fileRef = 1D2697E016C251840092EC2D /* UIDevice+Resolutions.m */; };
		1D2697E716C39E730092EC2D /* UIViewController+Exit.m in Sources */ = {isa = PBXBuildFile; fileRef = 1D2697E616C39E730092EC2D /* UIViewController+Exit.m */; };
		1D26981016C4230A0092EC2D /* UIImage+Cache.m in Sources */ = {isa = PBXBuildFile; fileRef = 1D26980F16C4230A0092EC2D /* UIImage+Cache.m */; };
		1D26981516C425150092EC2D /* NSData+Gzip.m in Sources */ = {isa = PBXBuildFile; fileRef = 1D26981416C425150092EC2D /* NSData+Gzip.m */; };
		1D26981716C4282B0092EC2D /* libz.1.2.5.dylib in Frameworks */ = {isa = PBXBuildFile; fileRef = 1D26981616C4282B0092EC2D /* libz.1.2.5.dylib */; };
		1DC69AA616D0A9DD008B4976 /* PWorksListViewController.m in Sources */ = {isa = PBXBuildFile; fileRef = 1DC69AA516D0A9DD008B4976 /* PWorksListViewController.m */; };
		1DC69AA916D0AA5B008B4976 /* NSData+Cache.m in Sources */ = {isa = PBXBuildFile; fileRef = 1DC69AA816D0AA5B008B4976 /* NSData+Cache.m */; };
		1DC69AAD16D2AE7D008B4976 /* PDocumentPreviewViewController.m in Sources */ = {isa = PBXBuildFile; fileRef = 1DC69AAC16D2AE7D008B4976 /* PDocumentPreviewViewController.m */; };
		1DC69AB016D2B609008B4976 /* MainStoryboard~iPad.storyboard in Resources */ = {isa = PBXBuildFile; fileRef = 1DC69AB216D2B609008B4976 /* MainStoryboard~iPad.storyboard */; };
		1DC69AB616D2C36B008B4976 /* about.html in Resources */ = {isa = PBXBuildFile; fileRef = 1DC69AB816D2C36B008B4976 /* about.html */; };
		1DC69ABA16D2C3A5008B4976 /* pearl-id.jpeg in Resources */ = {isa = PBXBuildFile; fileRef = 1DC69AB916D2C3A5008B4976 /* pearl-id.jpeg */; };
		1DC69ABD16D2CBBA008B4976 /* PAboutPearlViewController.m in Sources */ = {isa = PBXBuildFile; fileRef = 1DC69ABC16D2CBBA008B4976 /* PAboutPearlViewController.m */; };
		1DC69AC416D2D517008B4976 /* pictures.png in Resources */ = {isa = PBXBuildFile; fileRef = 1DC69AC216D2D517008B4976 /* pictures.png */; };
		1DC69AC516D2D517008B4976 /* pictures@2x.png in Resources */ = {isa = PBXBuildFile; fileRef = 1DC69AC316D2D517008B4976 /* pictures@2x.png */; };
		1DC69AC816D2D5AC008B4976 /* about.png in Resources */ = {isa = PBXBuildFile; fileRef = 1DC69AC616D2D5AC008B4976 /* about.png */; };
		1DC69AC916D2D5AC008B4976 /* about@2x.png in Resources */ = {isa = PBXBuildFile; fileRef = 1DC69AC716D2D5AC008B4976 /* about@2x.png */; };
		1DC69ACC16D2D893008B4976 /* PPreferencesViewController.m in Sources */ = {isa = PBXBuildFile; fileRef = 1DC69ACB16D2D892008B4976 /* PPreferencesViewController.m */; };
		1DC69ACE16D2D9AF008B4976 /* ui.strings in Resources */ = {isa = PBXBuildFile; fileRef = 1DC69ACD16D2D9AF008B4976 /* ui.strings */; };
		1DC69AD016D2D9CB008B4976 /* status.strings in Resources */ = {isa = PBXBuildFile; fileRef = 1DC69ACF16D2D9CB008B4976 /* status.strings */; };
		1DC69AD316D4A0AE008B4976 /* PSplitViewController.m in Sources */ = {isa = PBXBuildFile; fileRef = 1DC69AD216D4A0AE008B4976 /* PSplitViewController.m */; };
		1DC69AD916D4A3E2008B4976 /* Foundation.framework in Frameworks */ = {isa = PBXBuildFile; fileRef = 1D1D6D5216C24B390093E239 /* Foundation.framework */; };
		1DC69ADC16D4A3E2008B4976 /* main.m in Sources */ = {isa = PBXBuildFile; fileRef = 1DC69ADB16D4A3E2008B4976 /* main.m */; };
		1DC69AE016D4A3E2008B4976 /* ImageSorter.1 in CopyFiles */ = {isa = PBXBuildFile; fileRef = 1DC69ADF16D4A3E2008B4976 /* ImageSorter.1 */; };
/* End PBXBuildFile section */

/* Begin PBXCopyFilesBuildPhase section */
		1DC69AD616D4A3E1008B4976 /* CopyFiles */ = {
			isa = PBXCopyFilesBuildPhase;
			buildActionMask = 2147483647;
			dstPath = /usr/share/man/man1/;
			dstSubfolderSpec = 0;
			files = (
				1DC69AE016D4A3E2008B4976 /* ImageSorter.1 in CopyFiles */,
			);
			runOnlyForDeploymentPostprocessing = 1;
		};
/* End PBXCopyFilesBuildPhase section */

/* Begin PBXFileReference section */
		1D1D6D4D16C24B390093E239 /* Pearl.app */ = {isa = PBXFileReference; explicitFileType = wrapper.application; includeInIndex = 0; path = Pearl.app; sourceTree = BUILT_PRODUCTS_DIR; };
		1D1D6D5016C24B390093E239 /* UIKit.framework */ = {isa = PBXFileReference; lastKnownFileType = wrapper.framework; name = UIKit.framework; path = System/Library/Frameworks/UIKit.framework; sourceTree = SDKROOT; };
		1D1D6D5216C24B390093E239 /* Foundation.framework */ = {isa = PBXFileReference; lastKnownFileType = wrapper.framework; name = Foundation.framework; path = System/Library/Frameworks/Foundation.framework; sourceTree = SDKROOT; };
		1D1D6D5416C24B390093E239 /* CoreGraphics.framework */ = {isa = PBXFileReference; lastKnownFileType = wrapper.framework; name = CoreGraphics.framework; path = System/Library/Frameworks/CoreGraphics.framework; sourceTree = SDKROOT; };
		1D1D6D5816C24B390093E239 /* Pearl-Info.plist */ = {isa = PBXFileReference; lastKnownFileType = text.plist.xml; path = "Pearl-Info.plist"; sourceTree = "<group>"; };
		1D1D6D5C16C24B390093E239 /* main.m */ = {isa = PBXFileReference; lastKnownFileType = sourcecode.c.objc; path = main.m; sourceTree = "<group>"; };
		1D1D6D5E16C24B390093E239 /* Pearl-Prefix.pch */ = {isa = PBXFileReference; lastKnownFileType = sourcecode.c.h; path = "Pearl-Prefix.pch"; sourceTree = "<group>"; };
		1D1D6D5F16C24B390093E239 /* PAppDelegate.h */ = {isa = PBXFileReference; lastKnownFileType = sourcecode.c.h; path = PAppDelegate.h; sourceTree = "<group>"; };
		1D1D6D6016C24B390093E239 /* PAppDelegate.m */ = {isa = PBXFileReference; lastKnownFileType = sourcecode.c.objc; path = PAppDelegate.m; sourceTree = "<group>"; };
		1D1D6D7416C24BC60093E239 /* Default-568h@2x.png */ = {isa = PBXFileReference; lastKnownFileType = image.png; path = "Default-568h@2x.png"; sourceTree = "<group>"; };
		1D1D6D7516C24BC60093E239 /* Default.png */ = {isa = PBXFileReference; lastKnownFileType = image.png; path = Default.png; sourceTree = "<group>"; };
		1D1D6D7616C24BC60093E239 /* Default@2x.png */ = {isa = PBXFileReference; lastKnownFileType = image.png; path = "Default@2x.png"; sourceTree = "<group>"; };
		1D1D6D7716C24BC60093E239 /* Icon-72.png */ = {isa = PBXFileReference; lastKnownFileType = image.png; path = "Icon-72.png"; sourceTree = "<group>"; };
		1D1D6D7816C24BC60093E239 /* Icon-72@2x.png */ = {isa = PBXFileReference; lastKnownFileType = image.png; path = "Icon-72@2x.png"; sourceTree = "<group>"; };
		1D1D6D7916C24BC60093E239 /* Icon-Small-50.png */ = {isa = PBXFileReference; lastKnownFileType = image.png; path = "Icon-Small-50.png"; sourceTree = "<group>"; };
		1D1D6D7A16C24BC60093E239 /* Icon-Small-50@2x.png */ = {isa = PBXFileReference; lastKnownFileType = image.png; path = "Icon-Small-50@2x.png"; sourceTree = "<group>"; };
		1D1D6D7B16C24BC60093E239 /* Icon-Small.png */ = {isa = PBXFileReference; lastKnownFileType = image.png; path = "Icon-Small.png"; sourceTree = "<group>"; };
		1D1D6D7C16C24BC60093E239 /* Icon-Small@2x.png */ = {isa = PBXFileReference; lastKnownFileType = image.png; path = "Icon-Small@2x.png"; sourceTree = "<group>"; };
		1D1D6D7D16C24BC60093E239 /* Icon.png */ = {isa = PBXFileReference; lastKnownFileType = image.png; path = Icon.png; sourceTree = "<group>"; };
		1D1D6D7E16C24BC60093E239 /* Icon@2x.png */ = {isa = PBXFileReference; lastKnownFileType = image.png; path = "Icon@2x.png"; sourceTree = "<group>"; };
		1D1D6D7F16C24BC60093E239 /* iTunesArtwork */ = {isa = PBXFileReference; lastKnownFileType = file; path = iTunesArtwork; sourceTree = "<group>"; };
		1D1D6D8016C24BC60093E239 /* iTunesArtwork@2x.png */ = {isa = PBXFileReference; lastKnownFileType = image.png; path = "iTunesArtwork@2x.png"; sourceTree = "<group>"; };
		1D1D6D8E16C24D5B0093E239 /* zh-Hans */ = {isa = PBXFileReference; lastKnownFileType = text.plist.strings; name = "zh-Hans"; path = "zh-Hans.lproj/InfoPlist.strings"; sourceTree = "<group>"; };
		1D2697D816C24E580092EC2D /* PInitialViewController.h */ = {isa = PBXFileReference; fileEncoding = 4; lastKnownFileType = sourcecode.c.h; path = PInitialViewController.h; sourceTree = "<group>"; };
		1D2697D916C24E580092EC2D /* PInitialViewController.m */ = {isa = PBXFileReference; fileEncoding = 4; lastKnownFileType = sourcecode.c.objc; path = PInitialViewController.m; sourceTree = "<group>"; };
		1D2697DB16C250490092EC2D /* .gitignore */ = {isa = PBXFileReference; fileEncoding = 4; lastKnownFileType = text; path = .gitignore; sourceTree = "<group>"; };
		1D2697DD16C2506D0092EC2D /* README */ = {isa = PBXFileReference; fileEncoding = 4; lastKnownFileType = text; path = README; sourceTree = "<group>"; };
		1D2697DF16C251840092EC2D /* UIDevice+Resolutions.h */ = {isa = PBXFileReference; fileEncoding = 4; lastKnownFileType = sourcecode.c.h; path = "UIDevice+Resolutions.h"; sourceTree = "<group>"; };
		1D2697E016C251840092EC2D /* UIDevice+Resolutions.m */ = {isa = PBXFileReference; fileEncoding = 4; lastKnownFileType = sourcecode.c.objc; path = "UIDevice+Resolutions.m"; sourceTree = "<group>"; };
		1D2697E516C39E730092EC2D /* UIViewController+Exit.h */ = {isa = PBXFileReference; fileEncoding = 4; lastKnownFileType = sourcecode.c.h; path = "UIViewController+Exit.h"; sourceTree = "<group>"; };
		1D2697E616C39E730092EC2D /* UIViewController+Exit.m */ = {isa = PBXFileReference; fileEncoding = 4; lastKnownFileType = sourcecode.c.objc; path = "UIViewController+Exit.m"; sourceTree = "<group>"; };
		1D26980E16C4230A0092EC2D /* UIImage+Cache.h */ = {isa = PBXFileReference; fileEncoding = 4; lastKnownFileType = sourcecode.c.h; path = "UIImage+Cache.h"; sourceTree = "<group>"; };
		1D26980F16C4230A0092EC2D /* UIImage+Cache.m */ = {isa = PBXFileReference; fileEncoding = 4; lastKnownFileType = sourcecode.c.objc; path = "UIImage+Cache.m"; sourceTree = "<group>"; };
		1D26981316C425150092EC2D /* NSData+Gzip.h */ = {isa = PBXFileReference; fileEncoding = 4; lastKnownFileType = sourcecode.c.h; path = "NSData+Gzip.h"; sourceTree = "<group>"; };
		1D26981416C425150092EC2D /* NSData+Gzip.m */ = {isa = PBXFileReference; fileEncoding = 4; lastKnownFileType = sourcecode.c.objc; path = "NSData+Gzip.m"; sourceTree = "<group>"; };
		1D26981616C4282B0092EC2D /* libz.1.2.5.dylib */ = {isa = PBXFileReference; lastKnownFileType = "compiled.mach-o.dylib"; name = libz.1.2.5.dylib; path = usr/lib/libz.1.2.5.dylib; sourceTree = SDKROOT; };
		1DB9563C16CBB25800E9C940 /* zh-Hans */ = {isa = PBXFileReference; lastKnownFileType = file.storyboard; name = "zh-Hans"; path = "zh-Hans.lproj/MainStoryboard.storyboard"; sourceTree = "<group>"; };
		1DC69AA416D0A9DD008B4976 /* PWorksListViewController.h */ = {isa = PBXFileReference; fileEncoding = 4; lastKnownFileType = sourcecode.c.h; path = PWorksListViewController.h; sourceTree = "<group>"; };
		1DC69AA516D0A9DD008B4976 /* PWorksListViewController.m */ = {isa = PBXFileReference; fileEncoding = 4; lastKnownFileType = sourcecode.c.objc; path = PWorksListViewController.m; sourceTree = "<group>"; };
		1DC69AA716D0AA5B008B4976 /* NSData+Cache.h */ = {isa = PBXFileReference; fileEncoding = 4; lastKnownFileType = sourcecode.c.h; path = "NSData+Cache.h"; sourceTree = "<group>"; };
		1DC69AA816D0AA5B008B4976 /* NSData+Cache.m */ = {isa = PBXFileReference; fileEncoding = 4; lastKnownFileType = sourcecode.c.objc; path = "NSData+Cache.m"; sourceTree = "<group>"; };
		1DC69AAA16D2A598008B4976 /* PDecl.h */ = {isa = PBXFileReference; lastKnownFileType = sourcecode.c.h; path = PDecl.h; sourceTree = "<group>"; };
		1DC69AAB16D2AE7D008B4976 /* PDocumentPreviewViewController.h */ = {isa = PBXFileReference; fileEncoding = 4; lastKnownFileType = sourcecode.c.h; path = PDocumentPreviewViewController.h; sourceTree = "<group>"; };
		1DC69AAC16D2AE7D008B4976 /* PDocumentPreviewViewController.m */ = {isa = PBXFileReference; fileEncoding = 4; lastKnownFileType = sourcecode.c.objc; path = PDocumentPreviewViewController.m; sourceTree = "<group>"; };
		1DC69AB116D2B609008B4976 /* zh-Hans */ = {isa = PBXFileReference; lastKnownFileType = file; name = "zh-Hans"; path = "zh-Hans.lproj/MainStoryboard~iPad.storyboard"; sourceTree = "<group>"; };
		1DC69AB716D2C36B008B4976 /* zh-Hans */ = {isa = PBXFileReference; lastKnownFileType = file; name = "zh-Hans"; path = "zh-Hans.lproj/about.html"; sourceTree = "<group>"; };
		1DC69AB916D2C3A5008B4976 /* pearl-id.jpeg */ = {isa = PBXFileReference; lastKnownFileType = image.jpeg; path = "pearl-id.jpeg"; sourceTree = "<group>"; };
		1DC69ABB16D2CBBA008B4976 /* PAboutPearlViewController.h */ = {isa = PBXFileReference; fileEncoding = 4; lastKnownFileType = sourcecode.c.h; path = PAboutPearlViewController.h; sourceTree = "<group>"; };
		1DC69ABC16D2CBBA008B4976 /* PAboutPearlViewController.m */ = {isa = PBXFileReference; fileEncoding = 4; lastKnownFileType = sourcecode.c.objc; path = PAboutPearlViewController.m; sourceTree = "<group>"; };
		1DC69AC216D2D517008B4976 /* pictures.png */ = {isa = PBXFileReference; lastKnownFileType = image.png; path = pictures.png; sourceTree = "<group>"; };
		1DC69AC316D2D517008B4976 /* pictures@2x.png */ = {isa = PBXFileReference; lastKnownFileType = image.png; path = "pictures@2x.png"; sourceTree = "<group>"; };
		1DC69AC616D2D5AC008B4976 /* about.png */ = {isa = PBXFileReference; lastKnownFileType = image.png; path = about.png; sourceTree = "<group>"; };
		1DC69AC716D2D5AC008B4976 /* about@2x.png */ = {isa = PBXFileReference; lastKnownFileType = image.png; path = "about@2x.png"; sourceTree = "<group>"; };
		1DC69ACA16D2D892008B4976 /* PPreferencesViewController.h */ = {isa = PBXFileReference; fileEncoding = 4; lastKnownFileType = sourcecode.c.h; path = PPreferencesViewController.h; sourceTree = "<group>"; };
		1DC69ACB16D2D892008B4976 /* PPreferencesViewController.m */ = {isa = PBXFileReference; fileEncoding = 4; lastKnownFileType = sourcecode.c.objc; path = PPreferencesViewController.m; sourceTree = "<group>"; };
		1DC69ACD16D2D9AF008B4976 /* ui.strings */ = {isa = PBXFileReference; fileEncoding = 4; lastKnownFileType = text.plist.strings; path = ui.strings; sourceTree = "<group>"; };
		1DC69ACF16D2D9CB008B4976 /* status.strings */ = {isa = PBXFileReference; fileEncoding = 4; lastKnownFileType = text.plist.strings; path = status.strings; sourceTree = "<group>"; };
		1DC69AD116D4A0AE008B4976 /* PSplitViewController.h */ = {isa = PBXFileReference; fileEncoding = 4; lastKnownFileType = sourcecode.c.h; path = PSplitViewController.h; sourceTree = "<group>"; };
		1DC69AD216D4A0AE008B4976 /* PSplitViewController.m */ = {isa = PBXFileReference; fileEncoding = 4; lastKnownFileType = sourcecode.c.objc; path = PSplitViewController.m; sourceTree = "<group>"; };
		1DC69AD816D4A3E2008B4976 /* ImageSorter */ = {isa = PBXFileReference; explicitFileType = "compiled.mach-o.executable"; includeInIndex = 0; path = ImageSorter; sourceTree = BUILT_PRODUCTS_DIR; };
		1DC69ADB16D4A3E2008B4976 /* main.m */ = {isa = PBXFileReference; lastKnownFileType = sourcecode.c.objc; path = main.m; sourceTree = "<group>"; };
		1DC69ADE16D4A3E2008B4976 /* ImageSorter-Prefix.pch */ = {isa = PBXFileReference; lastKnownFileType = sourcecode.c.h; path = "ImageSorter-Prefix.pch"; sourceTree = "<group>"; };
		1DC69ADF16D4A3E2008B4976 /* ImageSorter.1 */ = {isa = PBXFileReference; lastKnownFileType = text.man; path = ImageSorter.1; sourceTree = "<group>"; };
/* End PBXFileReference section */

/* Begin PBXFrameworksBuildPhase section */
		1D1D6D4A16C24B390093E239 /* Frameworks */ = {
			isa = PBXFrameworksBuildPhase;
			buildActionMask = 2147483647;
			files = (
				1D26981716C4282B0092EC2D /* libz.1.2.5.dylib in Frameworks */,
				1D1D6D5116C24B390093E239 /* UIKit.framework in Frameworks */,
				1D1D6D5316C24B390093E239 /* Foundation.framework in Frameworks */,
				1D1D6D5516C24B390093E239 /* CoreGraphics.framework in Frameworks */,
			);
			runOnlyForDeploymentPostprocessing = 0;
		};
		1DC69AD516D4A3E1008B4976 /* Frameworks */ = {
			isa = PBXFrameworksBuildPhase;
			buildActionMask = 2147483647;
			files = (
				1DC69AD916D4A3E2008B4976 /* Foundation.framework in Frameworks */,
			);
			runOnlyForDeploymentPostprocessing = 0;
		};
/* End PBXFrameworksBuildPhase section */

/* Begin PBXGroup section */
		1D1D6D4416C24B390093E239 = {
			isa = PBXGroup;
			children = (
				1D2697DB16C250490092EC2D /* .gitignore */,
				1D2697DD16C2506D0092EC2D /* README */,
				1D1D6D5616C24B390093E239 /* Pearl */,
				1DC69ADA16D4A3E2008B4976 /* ImageSorter */,
				1D1D6D4F16C24B390093E239 /* Frameworks */,
				1D1D6D4E16C24B390093E239 /* Products */,
			);
			sourceTree = "<group>";
		};
		1D1D6D4E16C24B390093E239 /* Products */ = {
			isa = PBXGroup;
			children = (
				1D1D6D4D16C24B390093E239 /* Pearl.app */,
				1DC69AD816D4A3E2008B4976 /* ImageSorter */,
			);
			name = Products;
			sourceTree = "<group>";
		};
		1D1D6D4F16C24B390093E239 /* Frameworks */ = {
			isa = PBXGroup;
			children = (
				1D26981616C4282B0092EC2D /* libz.1.2.5.dylib */,
				1D1D6D5016C24B390093E239 /* UIKit.framework */,
				1D1D6D5216C24B390093E239 /* Foundation.framework */,
				1D1D6D5416C24B390093E239 /* CoreGraphics.framework */,
			);
			name = Frameworks;
			sourceTree = "<group>";
		};
		1D1D6D5616C24B390093E239 /* Pearl */ = {
			isa = PBXGroup;
			children = (
				1DC69AB316D2B61B008B4976 /* i18n */,
				1D1D6D5F16C24B390093E239 /* PAppDelegate.h */,
				1D1D6D6016C24B390093E239 /* PAppDelegate.m */,
				1DC69AAA16D2A598008B4976 /* PDecl.h */,
				1DC69AD116D4A0AE008B4976 /* PSplitViewController.h */,
				1DC69AD216D4A0AE008B4976 /* PSplitViewController.m */,
				1D2697D816C24E580092EC2D /* PInitialViewController.h */,
				1D2697D916C24E580092EC2D /* PInitialViewController.m */,
				1DC69ABB16D2CBBA008B4976 /* PAboutPearlViewController.h */,
				1DC69ABC16D2CBBA008B4976 /* PAboutPearlViewController.m */,
				1DC69AA416D0A9DD008B4976 /* PWorksListViewController.h */,
				1DC69AA516D0A9DD008B4976 /* PWorksListViewController.m */,
				1DC69AAB16D2AE7D008B4976 /* PDocumentPreviewViewController.h */,
				1DC69AAC16D2AE7D008B4976 /* PDocumentPreviewViewController.m */,
				1DC69ACA16D2D892008B4976 /* PPreferencesViewController.h */,
				1DC69ACB16D2D892008B4976 /* PPreferencesViewController.m */,
				1D2697DF16C251840092EC2D /* UIDevice+Resolutions.h */,
				1D2697E016C251840092EC2D /* UIDevice+Resolutions.m */,
				1D2697E516C39E730092EC2D /* UIViewController+Exit.h */,
				1D2697E616C39E730092EC2D /* UIViewController+Exit.m */,
				1D26980E16C4230A0092EC2D /* UIImage+Cache.h */,
				1D26980F16C4230A0092EC2D /* UIImage+Cache.m */,
				1D26981316C425150092EC2D /* NSData+Gzip.h */,
				1D26981416C425150092EC2D /* NSData+Gzip.m */,
				1DC69AA716D0AA5B008B4976 /* NSData+Cache.h */,
				1DC69AA816D0AA5B008B4976 /* NSData+Cache.m */,
				1D1D6D5716C24B390093E239 /* Supporting Files */,
			);
			path = Pearl;
			sourceTree = "<group>";
		};
		1D1D6D5716C24B390093E239 /* Supporting Files */ = {
			isa = PBXGroup;
			children = (
				1DC69AB916D2C3A5008B4976 /* pearl-id.jpeg */,
				1DC69AC216D2D517008B4976 /* pictures.png */,
				1DC69AC316D2D517008B4976 /* pictures@2x.png */,
				1DC69AC616D2D5AC008B4976 /* about.png */,
				1DC69AC716D2D5AC008B4976 /* about@2x.png */,
				1D1D6D5816C24B390093E239 /* Pearl-Info.plist */,
				1D1D6D5916C24B390093E239 /* InfoPlist.strings */,
				1D1D6D5C16C24B390093E239 /* main.m */,
				1D1D6D5E16C24B390093E239 /* Pearl-Prefix.pch */,
				1D1D6D7316C24BAD0093E239 /* Images */,
			);
			name = "Supporting Files";
			sourceTree = "<group>";
		};
		1D1D6D7316C24BAD0093E239 /* Images */ = {
			isa = PBXGroup;
			children = (
				1D1D6D7416C24BC60093E239 /* Default-568h@2x.png */,
				1D1D6D7516C24BC60093E239 /* Default.png */,
				1D1D6D7616C24BC60093E239 /* Default@2x.png */,
				1D1D6D7716C24BC60093E239 /* Icon-72.png */,
				1D1D6D7816C24BC60093E239 /* Icon-72@2x.png */,
				1D1D6D7916C24BC60093E239 /* Icon-Small-50.png */,
				1D1D6D7A16C24BC60093E239 /* Icon-Small-50@2x.png */,
				1D1D6D7B16C24BC60093E239 /* Icon-Small.png */,
				1D1D6D7C16C24BC60093E239 /* Icon-Small@2x.png */,
				1D1D6D7D16C24BC60093E239 /* Icon.png */,
				1D1D6D7E16C24BC60093E239 /* Icon@2x.png */,
				1D1D6D7F16C24BC60093E239 /* iTunesArtwork */,
				1D1D6D8016C24BC60093E239 /* iTunesArtwork@2x.png */,
			);
			path = Images;
			sourceTree = "<group>";
		};
		1DC69AB316D2B61B008B4976 /* i18n */ = {
			isa = PBXGroup;
			children = (
				1D1D6D6816C24B390093E239 /* MainStoryboard.storyboard */,
				1DC69AB216D2B609008B4976 /* MainStoryboard~iPad.storyboard */,
				1DC69ACD16D2D9AF008B4976 /* ui.strings */,
				1DC69ACF16D2D9CB008B4976 /* status.strings */,
				1DC69AB816D2C36B008B4976 /* about.html */,
			);
			name = i18n;
			sourceTree = "<group>";
		};
		1DC69ADA16D4A3E2008B4976 /* ImageSorter */ = {
			isa = PBXGroup;
			children = (
				1DC69ADB16D4A3E2008B4976 /* main.m */,
				1DC69ADF16D4A3E2008B4976 /* ImageSorter.1 */,
				1DC69ADD16D4A3E2008B4976 /* Supporting Files */,
			);
			path = ImageSorter;
			sourceTree = "<group>";
		};
		1DC69ADD16D4A3E2008B4976 /* Supporting Files */ = {
			isa = PBXGroup;
			children = (
				1DC69ADE16D4A3E2008B4976 /* ImageSorter-Prefix.pch */,
			);
			name = "Supporting Files";
			sourceTree = "<group>";
		};
/* End PBXGroup section */

/* Begin PBXNativeTarget section */
		1D1D6D4C16C24B390093E239 /* Pearl */ = {
			isa = PBXNativeTarget;
			buildConfigurationList = 1D1D6D7016C24B390093E239 /* Build configuration list for PBXNativeTarget "Pearl" */;
			buildPhases = (
				1D1D6D4916C24B390093E239 /* Sources */,
				1D1D6D4A16C24B390093E239 /* Frameworks */,
				1D1D6D4B16C24B390093E239 /* Resources */,
			);
			buildRules = (
			);
			dependencies = (
			);
			name = Pearl;
			productName = Pearl;
			productReference = 1D1D6D4D16C24B390093E239 /* Pearl.app */;
			productType = "com.apple.product-type.application";
		};
		1DC69AD716D4A3E1008B4976 /* ImageSorter */ = {
			isa = PBXNativeTarget;
			buildConfigurationList = 1DC69AE116D4A3E2008B4976 /* Build configuration list for PBXNativeTarget "ImageSorter" */;
			buildPhases = (
				1DC69AD416D4A3E1008B4976 /* Sources */,
				1DC69AD516D4A3E1008B4976 /* Frameworks */,
				1DC69AD616D4A3E1008B4976 /* CopyFiles */,
			);
			buildRules = (
			);
			dependencies = (
			);
			name = ImageSorter;
			productName = ImageSorter;
			productReference = 1DC69AD816D4A3E2008B4976 /* ImageSorter */;
			productType = "com.apple.product-type.tool";
		};
/* End PBXNativeTarget section */

/* Begin PBXProject section */
		1D1D6D4516C24B390093E239 /* Project object */ = {
			isa = PBXProject;
			attributes = {
				CLASSPREFIX = P;
				LastUpgradeCheck = 0460;
				ORGANIZATIONNAME = "Maxthon Chan";
			};
			buildConfigurationList = 1D1D6D4816C24B390093E239 /* Build configuration list for PBXProject "Pearl" */;
			compatibilityVersion = "Xcode 3.2";
			developmentRegion = English;
			hasScannedForEncodings = 0;
			knownRegions = (
				en,
				"zh-Hans",
			);
			mainGroup = 1D1D6D4416C24B390093E239;
			productRefGroup = 1D1D6D4E16C24B390093E239 /* Products */;
			projectDirPath = "";
			projectRoot = "";
			targets = (
				1D1D6D4C16C24B390093E239 /* Pearl */,
				1DC69AD716D4A3E1008B4976 /* ImageSorter */,
			);
		};
/* End PBXProject section */

/* Begin PBXResourcesBuildPhase section */
		1D1D6D4B16C24B390093E239 /* Resources */ = {
			isa = PBXResourcesBuildPhase;
			buildActionMask = 2147483647;
			files = (
				1D1D6D5B16C24B390093E239 /* InfoPlist.strings in Resources */,
				1D1D6D6A16C24B390093E239 /* MainStoryboard.storyboard in Resources */,
				1D1D6D8116C24BC60093E239 /* Default-568h@2x.png in Resources */,
				1D1D6D8216C24BC60093E239 /* Default.png in Resources */,
				1D1D6D8316C24BC60093E239 /* Default@2x.png in Resources */,
				1D1D6D8416C24BC60093E239 /* Icon-72.png in Resources */,
				1D1D6D8516C24BC60093E239 /* Icon-72@2x.png in Resources */,
				1D1D6D8616C24BC60093E239 /* Icon-Small-50.png in Resources */,
				1D1D6D8716C24BC60093E239 /* Icon-Small-50@2x.png in Resources */,
				1D1D6D8816C24BC60093E239 /* Icon-Small.png in Resources */,
				1D1D6D8916C24BC60093E239 /* Icon-Small@2x.png in Resources */,
				1D1D6D8A16C24BC60093E239 /* Icon.png in Resources */,
				1D1D6D8B16C24BC60093E239 /* Icon@2x.png in Resources */,
				1D1D6D8C16C24BC60093E239 /* iTunesArtwork in Resources */,
				1D1D6D8D16C24BC60093E239 /* iTunesArtwork@2x.png in Resources */,
				1D2697DE16C2506D0092EC2D /* README in Resources */,
				1DC69AB016D2B609008B4976 /* MainStoryboard~iPad.storyboard in Resources */,
				1DC69AB616D2C36B008B4976 /* about.html in Resources */,
				1DC69ABA16D2C3A5008B4976 /* pearl-id.jpeg in Resources */,
				1DC69AC416D2D517008B4976 /* pictures.png in Resources */,
				1DC69AC516D2D517008B4976 /* pictures@2x.png in Resources */,
				1DC69AC816D2D5AC008B4976 /* about.png in Resources */,
				1DC69AC916D2D5AC008B4976 /* about@2x.png in Resources */,
				1DC69ACE16D2D9AF008B4976 /* ui.strings in Resources */,
				1DC69AD016D2D9CB008B4976 /* status.strings in Resources */,
			);
			runOnlyForDeploymentPostprocessing = 0;
		};
/* End PBXResourcesBuildPhase section */

/* Begin PBXSourcesBuildPhase section */
		1D1D6D4916C24B390093E239 /* Sources */ = {
			isa = PBXSourcesBuildPhase;
			buildActionMask = 2147483647;
			files = (
				1D1D6D5D16C24B390093E239 /* main.m in Sources */,
				1D1D6D6116C24B390093E239 /* PAppDelegate.m in Sources */,
				1D2697DA16C24E580092EC2D /* PInitialViewController.m in Sources */,
				1D2697E116C251840092EC2D /* UIDevice+Resolutions.m in Sources */,
				1D2697E716C39E730092EC2D /* UIViewController+Exit.m in Sources */,
				1D26981016C4230A0092EC2D /* UIImage+Cache.m in Sources */,
				1D26981516C425150092EC2D /* NSData+Gzip.m in Sources */,
				1DC69AA616D0A9DD008B4976 /* PWorksListViewController.m in Sources */,
				1DC69AA916D0AA5B008B4976 /* NSData+Cache.m in Sources */,
				1DC69AAD16D2AE7D008B4976 /* PDocumentPreviewViewController.m in Sources */,
				1DC69ABD16D2CBBA008B4976 /* PAboutPearlViewController.m in Sources */,
				1DC69ACC16D2D893008B4976 /* PPreferencesViewController.m in Sources */,
				1DC69AD316D4A0AE008B4976 /* PSplitViewController.m in Sources */,
			);
			runOnlyForDeploymentPostprocessing = 0;
		};
		1DC69AD416D4A3E1008B4976 /* Sources */ = {
			isa = PBXSourcesBuildPhase;
			buildActionMask = 2147483647;
			files = (
				1DC69ADC16D4A3E2008B4976 /* main.m in Sources */,
			);
			runOnlyForDeploymentPostprocessing = 0;
		};
/* End PBXSourcesBuildPhase section */

/* Begin PBXVariantGroup section */
		1D1D6D5916C24B390093E239 /* InfoPlist.strings */ = {
			isa = PBXVariantGroup;
			children = (
				1D1D6D8E16C24D5B0093E239 /* zh-Hans */,
			);
			name = InfoPlist.strings;
			sourceTree = "<group>";
		};
		1D1D6D6816C24B390093E239 /* MainStoryboard.storyboard */ = {
			isa = PBXVariantGroup;
			children = (
				1DB9563C16CBB25800E9C940 /* zh-Hans */,
			);
			name = MainStoryboard.storyboard;
			sourceTree = "<group>";
		};
		1DC69AB216D2B609008B4976 /* MainStoryboard~iPad.storyboard */ = {
			isa = PBXVariantGroup;
			children = (
				1DC69AB116D2B609008B4976 /* zh-Hans */,
			);
			name = "MainStoryboard~iPad.storyboard";
			sourceTree = "<group>";
		};
		1DC69AB816D2C36B008B4976 /* about.html */ = {
			isa = PBXVariantGroup;
			children = (
				1DC69AB716D2C36B008B4976 /* zh-Hans */,
			);
			name = about.html;
			sourceTree = "<group>";
		};
/* End PBXVariantGroup section */

/* Begin XCBuildConfiguration section */
		1D1D6D6E16C24B390093E239 /* Debug */ = {
			isa = XCBuildConfiguration;
			buildSettings = {
				ALWAYS_SEARCH_USER_PATHS = NO;
				CLANG_CXX_LANGUAGE_STANDARD = "gnu++0x";
				CLANG_CXX_LIBRARY = "libc++";
				CLANG_ENABLE_OBJC_ARC = YES;
				CLANG_WARN_CONSTANT_CONVERSION = YES;
				CLANG_WARN_EMPTY_BODY = YES;
				CLANG_WARN_ENUM_CONVERSION = YES;
				CLANG_WARN_INT_CONVERSION = YES;
				CLANG_WARN__DUPLICATE_METHOD_MATCH = YES;
				"CODE_SIGN_IDENTITY[sdk=iphoneos*]" = "iPhone Developer";
				COPY_PHASE_STRIP = NO;
				GCC_C_LANGUAGE_STANDARD = gnu99;
				GCC_DYNAMIC_NO_PIC = NO;
				GCC_OPTIMIZATION_LEVEL = 0;
				GCC_PREPROCESSOR_DEFINITIONS = (
					"DEBUG=1",
					"$(inherited)",
				);
				GCC_SYMBOLS_PRIVATE_EXTERN = NO;
				GCC_WARN_ABOUT_RETURN_TYPE = YES;
				GCC_WARN_UNINITIALIZED_AUTOS = YES;
				GCC_WARN_UNUSED_VARIABLE = YES;
				IPHONEOS_DEPLOYMENT_TARGET = 6.0;
				ONLY_ACTIVE_ARCH = YES;
				SDKROOT = iphoneos;
			};
			name = Debug;
		};
		1D1D6D6F16C24B390093E239 /* Release */ = {
			isa = XCBuildConfiguration;
			buildSettings = {
				ALWAYS_SEARCH_USER_PATHS = NO;
				CLANG_CXX_LANGUAGE_STANDARD = "gnu++0x";
				CLANG_CXX_LIBRARY = "libc++";
				CLANG_ENABLE_OBJC_ARC = YES;
				CLANG_WARN_CONSTANT_CONVERSION = YES;
				CLANG_WARN_EMPTY_BODY = YES;
				CLANG_WARN_ENUM_CONVERSION = YES;
				CLANG_WARN_INT_CONVERSION = YES;
				CLANG_WARN__DUPLICATE_METHOD_MATCH = YES;
				"CODE_SIGN_IDENTITY[sdk=iphoneos*]" = "iPhone Developer";
				COPY_PHASE_STRIP = YES;
				GCC_C_LANGUAGE_STANDARD = gnu99;
				GCC_WARN_ABOUT_RETURN_TYPE = YES;
				GCC_WARN_UNINITIALIZED_AUTOS = YES;
				GCC_WARN_UNUSED_VARIABLE = YES;
				IPHONEOS_DEPLOYMENT_TARGET = 6.0;
				OTHER_CFLAGS = "-DNS_BLOCK_ASSERTIONS=1";
				SDKROOT = iphoneos;
				VALIDATE_PRODUCT = YES;
			};
			name = Release;
		};
		1D1D6D7116C24B390093E239 /* Debug */ = {
			isa = XCBuildConfiguration;
			buildSettings = {
				GCC_PRECOMPILE_PREFIX_HEADER = YES;
				GCC_PREFIX_HEADER = "Pearl/Pearl-Prefix.pch";
				INFOPLIST_FILE = "Pearl/Pearl-Info.plist";
				IPHONEOS_DEPLOYMENT_TARGET = 6.1;
				PRODUCT_NAME = "$(TARGET_NAME)";
				TARGETED_DEVICE_FAMILY = 1;
				WRAPPER_EXTENSION = app;
			};
			name = Debug;
		};
		1D1D6D7216C24B390093E239 /* Release */ = {
			isa = XCBuildConfiguration;
			buildSettings = {
				GCC_PRECOMPILE_PREFIX_HEADER = YES;
				GCC_PREFIX_HEADER = "Pearl/Pearl-Prefix.pch";
				INFOPLIST_FILE = "Pearl/Pearl-Info.plist";
				IPHONEOS_DEPLOYMENT_TARGET = 6.1;
				PRODUCT_NAME = "$(TARGET_NAME)";
				TARGETED_DEVICE_FAMILY = 1;
				WRAPPER_EXTENSION = app;
			};
			name = Release;
		};
		1DC69AE216D4A3E2008B4976 /* Debug */ = {
			isa = XCBuildConfiguration;
			buildSettings = {
				ARCHS = "$(ARCHS_STANDARD_64_BIT)";
				GCC_ENABLE_OBJC_EXCEPTIONS = YES;
				GCC_PRECOMPILE_PREFIX_HEADER = YES;
				GCC_PREFIX_HEADER = "ImageSorter/ImageSorter-Prefix.pch";
				GCC_WARN_64_TO_32_BIT_CONVERSION = YES;
				MACOSX_DEPLOYMENT_TARGET = 10.8;
				PRODUCT_NAME = "$(TARGET_NAME)";
				SDKROOT = macosx;
			};
			name = Debug;
		};
		1DC69AE316D4A3E2008B4976 /* Release */ = {
			isa = XCBuildConfiguration;
			buildSettings = {
				ARCHS = "$(ARCHS_STANDARD_64_BIT)";
				DEBUG_INFORMATION_FORMAT = "dwarf-with-dsym";
				GCC_ENABLE_OBJC_EXCEPTIONS = YES;
				GCC_PRECOMPILE_PREFIX_HEADER = YES;
				GCC_PREFIX_HEADER = "ImageSorter/ImageSorter-Prefix.pch";
				GCC_WARN_64_TO_32_BIT_CONVERSION = YES;
				MACOSX_DEPLOYMENT_TARGET = 10.8;
				PRODUCT_NAME = "$(TARGET_NAME)";
				SDKROOT = macosx;
			};
			name = Release;
		};
/* End XCBuildConfiguration section */

/* Begin XCConfigurationList section */
		1D1D6D4816C24B390093E239 /* Build configuration list for PBXProject "Pearl" */ = {
			isa = XCConfigurationList;
			buildConfigurations = (
				1D1D6D6E16C24B390093E239 /* Debug */,
				1D1D6D6F16C24B390093E239 /* Release */,
			);
			defaultConfigurationIsVisible = 0;
			defaultConfigurationName = Release;
		};
		1D1D6D7016C24B390093E239 /* Build configuration list for PBXNativeTarget "Pearl" */ = {
			isa = XCConfigurationList;
			buildConfigurations = (
				1D1D6D7116C24B390093E239 /* Debug */,
				1D1D6D7216C24B390093E239 /* Release */,
			);
			defaultConfigurationIsVisible = 0;
			defaultConfigurationName = Release;
		};
		1DC69AE116D4A3E2008B4976 /* Build configuration list for PBXNativeTarget "ImageSorter" */ = {
			isa = XCConfigurationList;
			buildConfigurations = (
				1DC69AE216D4A3E2008B4976 /* Debug */,
				1DC69AE316D4A3E2008B4976 /* Release */,
			);
			defaultConfigurationIsVisible = 0;
		};
/* End XCConfigurationList section */
	};
	rootObject = 1D1D6D4516C24B390093E239 /* Project object */;
}
